
Microsoft Visual Studio Solution File, Format Version 12.00
# Visual Studio Version 17
VisualStudioVersion = 17.0.31903.59
MinimumVisualStudioVersion = 10.0.40219.1
Project("{FAE04EC0-301F-11D3-BF4B-00C04F79EFBC}") = "OrderManagementApp", "src\OrderManagementApp.csproj", "{D6F980FB-3F25-4F4D-B92C-1D067C9254A0}"
EndProject
Project("{2150E333-8FDC-42A3-9474-1A3956D46DE8}") = "tests", "tests", "{61AFB4FC-BE4E-4F4D-8EFB-07C8CE1DD487}"
EndProject
Project("{FAE04EC0-301F-11D3-BF4B-00C04F79EFBC}") = "OrderManagementApp.UnitTests", "tests\OrderManagementApp.UnitTests\OrderManagementApp.UnitTests.csproj", "{69783CB1-4C30-4F5D-907E-21A16704DAA1}"
EndProject
Global
	GlobalSection(SolutionConfigurationPlatforms) = preSolution
		Debug|Any CPU = Debug|Any CPU
		Release|Any CPU = Release|Any CPU
	EndGlobalSection
	GlobalSection(SolutionProperties) = preSolution
		HideSolutionNode = FALSE
	EndGlobalSection
	GlobalSection(ProjectConfigurationPlatforms) = postSolution
		{D6F980FB-3F25-4F4D-B92C-1D067C9254A0}.Debug|Any CPU.ActiveCfg = Debug|Any CPU
		{D6F980FB-3F25-4F4D-B92C-1D067C9254A0}.Debug|Any CPU.Build.0 = Debug|Any CPU
		{D6F980FB-3F25-4F4D-B92C-1D067C9254A0}.Release|Any CPU.ActiveCfg = Release|Any CPU
		{D6F980FB-3F25-4F4D-B92C-1D067C9254A0}.Release|Any CPU.Build.0 = Release|Any CPU
		{69783CB1-4C30-4F5D-907E-21A16704DAA1}.Debug|Any CPU.ActiveCfg = Debug|Any CPU
		{69783CB1-4C30-4F5D-907E-21A16704DAA1}.Debug|Any CPU.Build.0 = Debug|Any CPU
		{69783CB1-4C30-4F5D-907E-21A16704DAA1}.Release|Any CPU.ActiveCfg = Release|Any CPU
		{69783CB1-4C30-4F5D-907E-21A16704DAA1}.Release|Any CPU.Build.0 = Release|Any CPU
	EndGlobalSection
	GlobalSection(NestedProjects) = preSolution
		{69783CB1-4C30-4F5D-907E-21A16704DAA1} = {61AFB4FC-BE4E-4F4D-8EFB-07C8CE1DD487}
	EndGlobalSection
EndGlobal
